Microsoft Visual Studio Solution File, Format Version 12.00
# Visual Studio Version 16
VisualStudioVersion = 16.0.30709.132
MinimumVisualStudioVersion = 10.0.40219.1
Project("{9A19103F-16F7-4668-BE54-9A1E7A4F7556}") = "DatingApp.Core", "DatingApp.Core\DatingApp.Core.csproj", "{9A63BC09-A94E-4E93-87ED-44F1347304E1}"
EndProject
Project("{9A19103F-16F7-4668-BE54-9A1E7A4F7556}") = "DatingApp.Service", "DatingApp.Service\DatingApp.Service.csproj", "{C3550094-08EE-41D2-86E1-5AE62140B634}"
EndProject
Project("{9A19103F-16F7-4668-BE54-9A1E7A4F7556}") = "DatingApp.Data", "DatingApp.Data\DatingApp.Data.csproj", "{A1629AF3-DBCC-453A-91EB-2E26EEDFF5E8}"
EndProject
Project("{9A19103F-16F7-4668-BE54-9A1E7A4F7556}") = "DatingApp.Api", "DatingApp.Api\DatingApp.Api.csproj", "{FF663ADB-8F45-4D44-96D8-04A278EF4C85}"
EndProject
Global
	GlobalSection(SolutionConfigurationPlatforms) = preSolution
		Debug|Any CPU = Debug|Any CPU
		Release|Any CPU = Release|Any CPU
	EndGlobalSection
	GlobalSection(ProjectConfigurationPlatforms) = postSolution
		{9A63BC09-A94E-4E93-87ED-44F1347304E1}.Debug|Any CPU.ActiveCfg = Debug|Any CPU
		{9A63BC09-A94E-4E93-87ED-44F1347304E1}.Debug|Any CPU.Build.0 = Debug|Any CPU
		{9A63BC09-A94E-4E93-87ED-44F1347304E1}.Release|Any CPU.ActiveCfg = Release|Any CPU
		{9A63BC09-A94E-4E93-87ED-44F1347304E1}.Release|Any CPU.Build.0 = Release|Any CPU
		{C3550094-08EE-41D2-86E1-5AE62140B634}.Debug|Any CPU.ActiveCfg = Debug|Any CPU
		{C3550094-08EE-41D2-86E1-5AE62140B634}.Debug|Any CPU.Build.0 = Debug|Any CPU
		{C3550094-08EE-41D2-86E1-5AE62140B634}.Release|Any CPU.ActiveCfg = Release|Any CPU
		{C3550094-08EE-41D2-86E1-5AE62140B634}.Release|Any CPU.Build.0 = Release|Any CPU
		{A1629AF3-DBCC-453A-91EB-2E26EEDFF5E8}.Debug|Any CPU.ActiveCfg = Debug|Any CPU
		{A1629AF3-DBCC-453A-91EB-2E26EEDFF5E8}.Debug|Any CPU.Build.0 = Debug|Any CPU
		{A1629AF3-DBCC-453A-91EB-2E26EEDFF5E8}.Release|Any CPU.ActiveCfg = Release|Any CPU
		{A1629AF3-DBCC-453A-91EB-2E26EEDFF5E8}.Release|Any CPU.Build.0 = Release|Any CPU
		{FF663ADB-8F45-4D44-96D8-04A278EF4C85}.Debug|Any CPU.ActiveCfg = Debug|Any CPU
		{FF663ADB-8F45-4D44-96D8-04A278EF4C85}.Debug|Any CPU.Build.0 = Debug|Any CPU
		{FF663ADB-8F45-4D44-96D8-04A278EF4C85}.Release|Any CPU.ActiveCfg = Release|Any CPU
		{FF663ADB-8F45-4D44-96D8-04A278EF4C85}.Release|Any CPU.Build.0 = Release|Any CPU
	EndGlobalSection
	GlobalSection(SolutionProperties) = preSolution
		HideSolutionNode = FALSE
	EndGlobalSection
	GlobalSection(ExtensibilityGlobals) = postSolution
		SolutionGuid = {0D0B5EBB-486D-4D6B-BC67-11BE75D435AE}
	EndGlobalSection
EndGlobal
